
Microsoft Visual Studio Solution File, Format Version 12.00
# Visual Studio Version 16
VisualStudioVersion = 16.0.29102.190
MinimumVisualStudioVersion = 10.0.40219.1
Project("{FAE04EC0-301F-11D3-BF4B-00C04F79EFBC}") = "GenericERP", "GenericERP\GenericERP.csproj", "{BA116034-3F50-42C6-8372-9A1479FEB0C0}"
EndProject
Global
	GlobalSection(SolutionConfigurationPlatforms) = preSolution
		Debug|Any CPU = Debug|Any CPU
		Release|Any CPU = Release|Any CPU
	EndGlobalSection
	GlobalSection(ProjectConfigurationPlatforms) = postSolution
		{BA116034-3F50-42C6-8372-9A1479FEB0C0}.Debug|Any CPU.ActiveCfg = Debug|Any CPU
		{BA116034-3F50-42C6-8372-9A1479FEB0C0}.Debug|Any CPU.Build.0 = Debug|Any CPU
		{BA116034-3F50-42C6-8372-9A1479FEB0C0}.Release|Any CPU.ActiveCfg = Release|Any CPU
		{BA116034-3F50-42C6-8372-9A1479FEB0C0}.Release|Any CPU.Build.0 = Release|Any CPU
	EndGlobalSection
	GlobalSection(SolutionProperties) = preSolution
		HideSolutionNode = FALSE
	EndGlobalSection
	GlobalSection(ExtensibilityGlobals) = postSolution
		SolutionGuid = {7410DB47-6080-4EFF-B3AE-836B2640A70D}
	EndGlobalSection
EndGlobal
